
Microsoft Visual Studio Solution File, Format Version 12.00
# Visual Studio Version 17
VisualStudioVersion = 17.9.34622.214
MinimumVisualStudioVersion = 10.0.40219.1
Project("{FAE04EC0-301F-11D3-BF4B-00C04F79EFBC}") = "ContosoPets", "ContosoPets.csproj", "{57724C73-F22A-424E-BD1D-198E8B49DE97}"
EndProject
Global
	GlobalSection(SolutionConfigurationPlatforms) = preSolution
		Debug|Any CPU = Debug|Any CPU
		Release|Any CPU = Release|Any CPU
	EndGlobalSection
	GlobalSection(ProjectConfigurationPlatforms) = postSolution
		{57724C73-F22A-424E-BD1D-198E8B49DE97}.Debug|Any CPU.ActiveCfg = Debug|Any CPU
		{57724C73-F22A-424E-BD1D-198E8B49DE97}.Debug|Any CPU.Build.0 = Debug|Any CPU
		{57724C73-F22A-424E-BD1D-198E8B49DE97}.Release|Any CPU.ActiveCfg = Release|Any CPU
		{57724C73-F22A-424E-BD1D-198E8B49DE97}.Release|Any CPU.Build.0 = Release|Any CPU
	EndGlobalSection
	GlobalSection(SolutionProperties) = preSolution
		HideSolutionNode = FALSE
	EndGlobalSection
	GlobalSection(ExtensibilityGlobals) = postSolution
		SolutionGuid = {5630FA7B-B07A-4095-998F-98A154629099}
	EndGlobalSection
EndGlobal
